
Microsoft Visual Studio Solution File, Format Version 12.00
# Visual Studio Version 17
VisualStudioVersion = 17.3.32819.101
MinimumVisualStudioVersion = 10.0.40219.1
Project("{FAE04EC0-301F-11D3-BF4B-00C04F79EFBC}") = "MyBot", "MyBot.csproj", "{682CAC81-C66B-4436-85F4-E74245E820FD}"
EndProject
Global
	GlobalSection(SolutionConfigurationPlatforms) = preSolution
		Debug|Any CPU = Debug|Any CPU
		Release|Any CPU = Release|Any CPU
	EndGlobalSection
	GlobalSection(ProjectConfigurationPlatforms) = postSolution
		{682CAC81-C66B-4436-85F4-E74245E820FD}.Debug|Any CPU.ActiveCfg = Debug|Any CPU
		{682CAC81-C66B-4436-85F4-E74245E820FD}.Debug|Any CPU.Build.0 = Debug|Any CPU
		{682CAC81-C66B-4436-85F4-E74245E820FD}.Release|Any CPU.ActiveCfg = Release|Any CPU
		{682CAC81-C66B-4436-85F4-E74245E820FD}.Release|Any CPU.Build.0 = Release|Any CPU
	EndGlobalSection
	GlobalSection(SolutionProperties) = preSolution
		HideSolutionNode = FALSE
	EndGlobalSection
	GlobalSection(ExtensibilityGlobals) = postSolution
		SolutionGuid = {8DE1A78A-7EDE-4A20-8189-70440FA24C74}
	EndGlobalSection
EndGlobal
